
Microsoft Visual Studio Solution File, Format Version 12.00
Project("{FAE04EC0-301F-11D3-BF4B-00C04F79EFBC}") = "Lab01", "Lab01\Lab01.csproj", "{FEC3557F-AE25-4026-89E4-A108F6B57DF4}"
EndProject
Project("{FAE04EC0-301F-11D3-BF4B-00C04F79EFBC}") = "Lab02", "Lab02\Lab02.csproj", "{4CD84D20-E109-4127-BA43-0FF6C0588112}"
EndProject
Global
	GlobalSection(SolutionConfigurationPlatforms) = preSolution
		Debug|Any CPU = Debug|Any CPU
		Release|Any CPU = Release|Any CPU
	EndGlobalSection
	GlobalSection(ProjectConfigurationPlatforms) = postSolution
		{FEC3557F-AE25-4026-89E4-A108F6B57DF4}.Debug|Any CPU.ActiveCfg = Debug|Any CPU
		{FEC3557F-AE25-4026-89E4-A108F6B57DF4}.Debug|Any CPU.Build.0 = Debug|Any CPU
		{FEC3557F-AE25-4026-89E4-A108F6B57DF4}.Release|Any CPU.ActiveCfg = Release|Any CPU
		{FEC3557F-AE25-4026-89E4-A108F6B57DF4}.Release|Any CPU.Build.0 = Release|Any CPU
		{4CD84D20-E109-4127-BA43-0FF6C0588112}.Debug|Any CPU.ActiveCfg = Debug|Any CPU
		{4CD84D20-E109-4127-BA43-0FF6C0588112}.Debug|Any CPU.Build.0 = Debug|Any CPU
		{4CD84D20-E109-4127-BA43-0FF6C0588112}.Release|Any CPU.ActiveCfg = Release|Any CPU
		{4CD84D20-E109-4127-BA43-0FF6C0588112}.Release|Any CPU.Build.0 = Release|Any CPU
	EndGlobalSection
EndGlobal
